{
  "lockfile_version": "1",
  "packages": {
    "buf@latest": {
      "last_modified": "2024-09-20T05:11:28Z",
      "resolved": "github:NixOS/nixpkgs/79454ee9aacc9714653a4e7eb2a52b717728caff#buf",
      "source": "devbox-search",
      "version": "1.42.0",
      "systems": {
        "aarch64-darwin": {
          "outputs": [
            {
              "name": "out",
              "path": "/nix/store/ahlfqdmkf13s1ysdd9rcdmsjgf6bz9pc-buf-1.42.0",
              "default": true
            }
          ],
          "store_path": "/nix/store/ahlfqdmkf13s1ysdd9rcdmsjgf6bz9pc-buf-1.42.0"
        },
        "aarch64-linux": {
          "outputs": [
            {
              "name": "out",
              "path": "/nix/store/abnmak2iyqh9pi61nwf3bg555jdmza8v-buf-1.42.0",
              "default": true
            }
          ],
          "store_path": "/nix/store/abnmak2iyqh9pi61nwf3bg555jdmza8v-buf-1.42.0"
        },
        "x86_64-darwin": {
          "outputs": [
            {
              "name": "out",
              "path": "/nix/store/w9q1dhl02spymg13p95mk81ljcbqj5nz-buf-1.42.0",
              "default": true
            }
          ],
          "store_path": "/nix/store/w9q1dhl02spymg13p95mk81ljcbqj5nz-buf-1.42.0"
        },
        "x86_64-linux": {
          "outputs": [
            {
              "name": "out",
              "path": "/nix/store/2pnvj3ghm6z42qjnx3y39fj3zqf8fzir-buf-1.42.0",
              "default": true
            }
          ],
          "store_path": "/nix/store/2pnvj3ghm6z42qjnx3y39fj3zqf8fzir-buf-1.42.0"
        }
      }
    },
    "go@latest": {
      "last_modified": "2024-09-10T15:01:03Z",
      "resolved": "github:NixOS/nixpkgs/5ed627539ac84809c78b2dd6d26a5cebeb5ae269#go_1_23",
      "source": "devbox-search",
      "version": "1.23.1",
      "systems": {
        "aarch64-darwin": {
          "outputs": [
            {
              "name": "out",
              "path": "/nix/store/nvaay1c4banbccyvv6ba1gzyqpypjmfq-go-1.23.1",
              "default": true
            }
          ],
          "store_path": "/nix/store/nvaay1c4banbccyvv6ba1gzyqpypjmfq-go-1.23.1"
        },
        "aarch64-linux": {
          "outputs": [
            {
              "name": "out",
              "path": "/nix/store/9ylsay11jb3p6yarkmlz0fin76cdypwa-go-1.23.1",
              "default": true
            }
          ],
          "store_path": "/nix/store/9ylsay11jb3p6yarkmlz0fin76cdypwa-go-1.23.1"
        },
        "x86_64-darwin": {
          "outputs": [
            {
              "name": "out",
              "path": "/nix/store/zkg5xhyx2rs03dq0qp14nqlx9ff1y5c5-go-1.23.1",
              "default": true
            }
          ],
          "store_path": "/nix/store/zkg5xhyx2rs03dq0qp14nqlx9ff1y5c5-go-1.23.1"
        },
        "x86_64-linux": {
          "outputs": [
            {
              "name": "out",
              "path": "/nix/store/mi0ybwsm6pmxzv9hsm6bcbqaq1pkf8wh-go-1.23.1",
              "default": true
            }
          ],
          "store_path": "/nix/store/mi0ybwsm6pmxzv9hsm6bcbqaq1pkf8wh-go-1.23.1"
        }
      }
    }
  }
}
